
Microsoft Visual Studio Solution File, Format Version 12.00
# Visual Studio Version 16
VisualStudioVersion = 16.0.30907.101
MinimumVisualStudioVersion = 10.0.40219.1
Project("{FAE04EC0-301F-11D3-BF4B-00C04F79EFBC}") = "HTTP5101-Assgn2-AlbyBaby", "HTTP5101-Assgn2-AlbyBaby\HTTP5101-Assgn2-AlbyBaby.csproj", "{FCA3786E-835D-4AF6-94B0-40E7233D5E37}"
EndProject
Global
	GlobalSection(SolutionConfigurationPlatforms) = preSolution
		Debug|Any CPU = Debug|Any CPU
		Release|Any CPU = Release|Any CPU
	EndGlobalSection
	GlobalSection(ProjectConfigurationPlatforms) = postSolution
		{FCA3786E-835D-4AF6-94B0-40E7233D5E37}.Debug|Any CPU.ActiveCfg = Debug|Any CPU
		{FCA3786E-835D-4AF6-94B0-40E7233D5E37}.Debug|Any CPU.Build.0 = Debug|Any CPU
		{FCA3786E-835D-4AF6-94B0-40E7233D5E37}.Release|Any CPU.ActiveCfg = Release|Any CPU
		{FCA3786E-835D-4AF6-94B0-40E7233D5E37}.Release|Any CPU.Build.0 = Release|Any CPU
	EndGlobalSection
	GlobalSection(SolutionProperties) = preSolution
		HideSolutionNode = FALSE
	EndGlobalSection
	GlobalSection(ExtensibilityGlobals) = postSolution
		SolutionGuid = {6E87505A-58E9-45BE-97F6-DBC6EDA0FB91}
	EndGlobalSection
EndGlobal
